// !$*UTF8*$!
{
	archiveVersion = 1;
	classes = {
	};
	objectVersion = 46;
	objects = {

/* Begin PBXBuildFile section */
		771171AD1AA9445B002F7856 /* main.m in Sources */ = {isa = PBXBuildFile; fileRef = 771171AC1AA9445B002F7856 /* main.m */; };
		771171B01AA9445B002F7856 /* AppDelegate.m in Sources */ = {isa = PBXBuildFile; fileRef = 771171AF1AA9445B002F7856 /* AppDelegate.m */; };
		771171B31AA9445B002F7856 /* Donna.xcdatamodeld in Sources */ = {isa = PBXBuildFile; fileRef = 771171B11AA9445B002F7856 /* Donna.xcdatamodeld */; };
		771171B61AA9445B002F7856 /* ViewController.m in Sources */ = {isa = PBXBuildFile; fileRef = 771171B51AA9445B002F7856 /* ViewController.m */; };
		771171B91AA9445B002F7856 /* Main.storyboard in Resources */ = {isa = PBXBuildFile; fileRef = 771171B71AA9445B002F7856 /* Main.storyboard */; };
		771171BB1AA9445B002F7856 /* Images.xcassets in Resources */ = {isa = PBXBuildFile; fileRef = 771171BA1AA9445B002F7856 /* Images.xcassets */; };
		771171BE1AA9445B002F7856 /* LaunchScreen.xib in Resources */ = {isa = PBXBuildFile; fileRef = 771171BC1AA9445B002F7856 /* LaunchScreen.xib */; };
		771171CA1AA9445B002F7856 /* DonnaTests.m in Sources */ = {isa = PBXBuildFile; fileRef = 771171C91AA9445B002F7856 /* DonnaTests.m */; };
/* End PBXBuildFile section */

/* Begin PBXContainerItemProxy section */
		771171C41AA9445B002F7856 /* PBXContainerItemProxy */ = {
			isa = PBXContainerItemProxy;
			containerPortal = 7711719F1AA9445B002F7856 /* Project object */;
			proxyType = 1;
			remoteGlobalIDString = 771171A61AA9445B002F7856;
			remoteInfo = Donna;
		};
/* End PBXContainerItemProxy section */

/* Begin PBXFileReference section */
		771171A71AA9445B002F7856 /* Donna.app */ = {isa = PBXFileReference; explicitFileType = wrapper.application; includeInIndex = 0; path = Donna.app; sourceTree = BUILT_PRODUCTS_DIR; };
		771171AB1AA9445B002F7856 /* Info.plist */ = {isa = PBXFileReference; lastKnownFileType = text.plist.xml; path = Info.plist; sourceTree = "<group>"; };
		771171AC1AA9445B002F7856 /* main.m */ = {isa = PBXFileReference; lastKnownFileType = sourcecode.c.objc; path = main.m; sourceTree = "<group>"; };
		771171AE1AA9445B002F7856 /* AppDelegate.h */ = {isa = PBXFileReference; lastKnownFileType = sourcecode.c.h; path = AppDelegate.h; sourceTree = "<group>"; };
		771171AF1AA9445B002F7856 /* AppDelegate.m */ = {isa = PBXFileReference; lastKnownFileType = sourcecode.c.objc; path = AppDelegate.m; sourceTree = "<group>"; };
		771171B21AA9445B002F7856 /* Donna.xcdatamodel */ = {isa = PBXFileReference; lastKnownFileType = wrapper.xcdatamodel; path = Donna.xcdatamodel; sourceTree = "<group>"; };
		771171B41AA9445B002F7856 /* ViewController.h */ = {isa = PBXFileReference; lastKnownFileType = sourcecode.c.h; path = ViewController.h; sourceTree = "<group>"; };
		771171B51AA9445B002F7856 /* ViewController.m */ = {isa = PBXFileReference; lastKnownFileType = sourcecode.c.objc; path = ViewController.m; sourceTree = "<group>"; };
		771171B81AA9445B002F7856 /* Base */ = {isa = PBXFileReference; lastKnownFileType = file.storyboard; name = Base; path = Base.lproj/Main.storyboard; sourceTree = "<group>"; };
		771171BA1AA9445B002F7856 /* Images.xcassets */ = {isa = PBXFileReference; lastKnownFileType = folder.assetcatalog; path = Images.xcassets; sourceTree = "<group>"; };
		771171BD1AA9445B002F7856 /* Base */ = {isa = PBXFileReference; lastKnownFileType = file.xib; name = Base; path = Base.lproj/LaunchScreen.xib; sourceTree = "<group>"; };
		771171C31AA9445B002F7856 /* DonnaTests.xctest */ = {isa = PBXFileReference; explicitFileType = wrapper.cfbundle; includeInIndex = 0; path = DonnaTests.xctest; sourceTree = BUILT_PRODUCTS_DIR; };
		771171C81AA9445B002F7856 /* Info.plist */ = {isa = PBXFileReference; lastKnownFileType = text.plist.xml; path = Info.plist; sourceTree = "<group>"; };
		771171C91AA9445B002F7856 /* DonnaTests.m */ = {isa = PBXFileReference; lastKnownFileType = sourcecode.c.objc; path = DonnaTests.m; sourceTree = "<group>"; };
/* End PBXFileReference section */

/* Begin PBXFrameworksBuildPhase section */
		771171A41AA9445B002F7856 /* Frameworks */ = {
			isa = PBXFrameworksBuildPhase;
			buildActionMask = 2147483647;
			files = (
			);
			runOnlyForDeploymentPostprocessing = 0;
		};
		771171C01AA9445B002F7856 /* Frameworks */ = {
			isa = PBXFrameworksBuildPhase;
			buildActionMask = 2147483647;
			files = (
			);
			runOnlyForDeploymentPostprocessing = 0;
		};
/* End PBXFrameworksBuildPhase section */

/* Begin PBXGroup section */
		7711719E1AA9445B002F7856 = {
			isa = PBXGroup;
			children = (
				771171A91AA9445B002F7856 /* Donna */,
				771171C61AA9445B002F7856 /* DonnaTests */,
				771171A81AA9445B002F7856 /* Products */,
			);
			sourceTree = "<group>";
		};
		771171A81AA9445B002F7856 /* Products */ = {
			isa = PBXGroup;
			children = (
				771171A71AA9445B002F7856 /* Donna.app */,
				771171C31AA9445B002F7856 /* DonnaTests.xctest */,
			);
			name = Products;
			sourceTree = "<group>";
		};
		771171A91AA9445B002F7856 /* Donna */ = {
			isa = PBXGroup;
			children = (
				771171AE1AA9445B002F7856 /* AppDelegate.h */,
				771171AF1AA9445B002F7856 /* AppDelegate.m */,
				771171B41AA9445B002F7856 /* ViewController.h */,
				771171B51AA9445B002F7856 /* ViewController.m */,
				771171B71AA9445B002F7856 /* Main.storyboard */,
				771171BA1AA9445B002F7856 /* Images.xcassets */,
				771171BC1AA9445B002F7856 /* LaunchScreen.xib */,
				771171B11AA9445B002F7856 /* Donna.xcdatamodeld */,
				771171AA1AA9445B002F7856 /* Supporting Files */,
			);
			path = Donna;
			sourceTree = "<group>";
		};
		771171AA1AA9445B002F7856 /* Supporting Files */ = {
			isa = PBXGroup;
			children = (
				771171AB1AA9445B002F7856 /* Info.plist */,
				771171AC1AA9445B002F7856 /* main.m */,
			);
			name = "Supporting Files";
			sourceTree = "<group>";
		};
		771171C61AA9445B002F7856 /* DonnaTests */ = {
			isa = PBXGroup;
			children = (
				771171C91AA9445B002F7856 /* DonnaTests.m */,
				771171C71AA9445B002F7856 /* Supporting Files */,
			);
			path = DonnaTests;
			sourceTree = "<group>";
		};
		771171C71AA9445B002F7856 /* Supporting Files */ = {
			isa = PBXGroup;
			children = (
				771171C81AA9445B002F7856 /* Info.plist */,
			);
			name = "Supporting Files";
			sourceTree = "<group>";
		};
/* End PBXGroup section */

/* Begin PBXNativeTarget section */
		771171A61AA9445B002F7856 /* Donna */ = {
			isa = PBXNativeTarget;
			buildConfigurationList = 771171CD1AA9445B002F7856 /* Build configuration list for PBXNativeTarget "Donna" */;
			buildPhases = (
				771171A31AA9445B002F7856 /* Sources */,
				771171A41AA9445B002F7856 /* Frameworks */,
				771171A51AA9445B002F7856 /* Resources */,
			);
			buildRules = (
			);
			dependencies = (
			);
			name = Donna;
			productName = Donna;
			productReference = 771171A71AA9445B002F7856 /* Donna.app */;
			productType = "com.apple.product-type.application";
		};
		771171C21AA9445B002F7856 /* DonnaTests */ = {
			isa = PBXNativeTarget;
			buildConfigurationList = 771171D01AA9445B002F7856 /* Build configuration list for PBXNativeTarget "DonnaTests" */;
			buildPhases = (
				771171BF1AA9445B002F7856 /* Sources */,
				771171C01AA9445B002F7856 /* Frameworks */,
				771171C11AA9445B002F7856 /* Resources */,
			);
			buildRules = (
			);
			dependencies = (
				771171C51AA9445B002F7856 /* PBXTargetDependency */,
			);
			name = DonnaTests;
			productName = DonnaTests;
			productReference = 771171C31AA9445B002F7856 /* DonnaTests.xctest */;
			productType = "com.apple.product-type.bundle.unit-test";
		};
/* End PBXNativeTarget section */

/* Begin PBXProject section */
		7711719F1AA9445B002F7856 /* Project object */ = {
			isa = PBXProject;
			attributes = {
				LastUpgradeCheck = 0610;
				ORGANIZATIONNAME = Donna;
				TargetAttributes = {
					771171A61AA9445B002F7856 = {
						CreatedOnToolsVersion = 6.1.1;
					};
					771171C21AA9445B002F7856 = {
						CreatedOnToolsVersion = 6.1.1;
						TestTargetID = 771171A61AA9445B002F7856;
					};
				};
			};
			buildConfigurationList = 771171A21AA9445B002F7856 /* Build configuration list for PBXProject "Donna" */;
			compatibilityVersion = "Xcode 3.2";
			developmentRegion = English;
			hasScannedForEncodings = 0;
			knownRegions = (
				en,
				Base,
			);
			mainGroup = 7711719E1AA9445B002F7856;
			productRefGroup = 771171A81AA9445B002F7856 /* Products */;
			projectDirPath = "";
			projectRoot = "";
			targets = (
				771171A61AA9445B002F7856 /* Donna */,
				771171C21AA9445B002F7856 /* DonnaTests */,
			);
		};
/* End PBXProject section */

/* Begin PBXResourcesBuildPhase section */
		771171A51AA9445B002F7856 /* Resources */ = {
			isa = PBXResourcesBuildPhase;
			buildActionMask = 2147483647;
			files = (
				771171B91AA9445B002F7856 /* Main.storyboard in Resources */,
				771171BE1AA9445B002F7856 /* LaunchScreen.xib in Resources */,
				771171BB1AA9445B002F7856 /* Images.xcassets in Resources */,
			);
			runOnlyForDeploymentPostprocessing = 0;
		};
		771171C11AA9445B002F7856 /* Resources */ = {
			isa = PBXResourcesBuildPhase;
			buildActionMask = 2147483647;
			files = (
			);
			runOnlyForDeploymentPostprocessing = 0;
		};
/* End PBXResourcesBuildPhase section */

/* Begin PBXSourcesBuildPhase section */
		771171A31AA9445B002F7856 /* Sources */ = {
			isa = PBXSourcesBuildPhase;
			buildActionMask = 2147483647;
			files = (
				771171B01AA9445B002F7856 /* AppDelegate.m in Sources */,
				771171B31AA9445B002F7856 /* Donna.xcdatamodeld in Sources */,
				771171B61AA9445B002F7856 /* ViewController.m in Sources */,
				771171AD1AA9445B002F7856 /* main.m in Sources */,
			);
			runOnlyForDeploymentPostprocessing = 0;
		};
		771171BF1AA9445B002F7856 /* Sources */ = {
			isa = PBXSourcesBuildPhase;
			buildActionMask = 2147483647;
			files = (
				771171CA1AA9445B002F7856 /* DonnaTests.m in Sources */,
			);
			runOnlyForDeploymentPostprocessing = 0;
		};
/* End PBXSourcesBuildPhase section */

/* Begin PBXTargetDependency section */
		771171C51AA9445B002F7856 /* PBXTargetDependency */ = {
			isa = PBXTargetDependency;
			target = 771171A61AA9445B002F7856 /* Donna */;
			targetProxy = 771171C41AA9445B002F7856 /* PBXContainerItemProxy */;
		};
/* End PBXTargetDependency section */

/* Begin PBXVariantGroup section */
		771171B71AA9445B002F7856 /* Main.storyboard */ = {
			isa = PBXVariantGroup;
			children = (
				771171B81AA9445B002F7856 /* Base */,
			);
			name = Main.storyboard;
			sourceTree = "<group>";
		};
		771171BC1AA9445B002F7856 /* LaunchScreen.xib */ = {
			isa = PBXVariantGroup;
			children = (
				771171BD1AA9445B002F7856 /* Base */,
			);
			name = LaunchScreen.xib;
			sourceTree = "<group>";
		};
/* End PBXVariantGroup section */

/* Begin XCBuildConfiguration section */
		771171CB1AA9445B002F7856 /* Debug */ = {
			isa = XCBuildConfiguration;
			buildSettings = {
				ALWAYS_SEARCH_USER_PATHS = NO;
				CLANG_CXX_LANGUAGE_STANDARD = "gnu++0x";
				CLANG_CXX_LIBRARY = "libc++";
				CLANG_ENABLE_MODULES = YES;
				CLANG_ENABLE_OBJC_ARC = YES;
				CLANG_WARN_BOOL_CONVERSION = YES;
				CLANG_WARN_CONSTANT_CONVERSION = YES;
				CLANG_WARN_DIRECT_OBJC_ISA_USAGE = YES_ERROR;
				CLANG_WARN_EMPTY_BODY = YES;
				CLANG_WARN_ENUM_CONVERSION = YES;
				CLANG_WARN_INT_CONVERSION = YES;
				CLANG_WARN_OBJC_ROOT_CLASS = YES_ERROR;
				CLANG_WARN_UNREACHABLE_CODE = YES;
				CLANG_WARN__DUPLICATE_METHOD_MATCH = YES;
				"CODE_SIGN_IDENTITY[sdk=iphoneos*]" = "iPhone Developer";
				COPY_PHASE_STRIP = NO;
				ENABLE_STRICT_OBJC_MSGSEND = YES;
				GCC_C_LANGUAGE_STANDARD = gnu99;
				GCC_DYNAMIC_NO_PIC = NO;
				GCC_OPTIMIZATION_LEVEL = 0;
				GCC_PREPROCESSOR_DEFINITIONS = (
					"DEBUG=1",
					"$(inherited)",
				);
				GCC_SYMBOLS_PRIVATE_EXTERN = NO;
				GCC_WARN_64_TO_32_BIT_CONVERSION = YES;
				GCC_WARN_ABOUT_RETURN_TYPE = YES_ERROR;
				GCC_WARN_UNDECLARED_SELECTOR = YES;
				GCC_WARN_UNINITIALIZED_AUTOS = YES_AGGRESSIVE;
				GCC_WARN_UNUSED_FUNCTION = YES;
				GCC_WARN_UNUSED_VARIABLE = YES;
				IPHONEOS_DEPLOYMENT_TARGET = 8.1;
				MTL_ENABLE_DEBUG_INFO = YES;
				ONLY_ACTIVE_ARCH = YES;
				SDKROOT = iphoneos;
				TARGETED_DEVICE_FAMILY = "1,2";
			};
			name = Debug;
		};
		771171CC1AA9445B002F7856 /* Release */ = {
			isa = XCBuildConfiguration;
			buildSettings = {
				ALWAYS_SEARCH_USER_PATHS = NO;
				CLANG_CXX_LANGUAGE_STANDARD = "gnu++0x";
				CLANG_CXX_LIBRARY = "libc++";
				CLANG_ENABLE_MODULES = YES;
				CLANG_ENABLE_OBJC_ARC = YES;
				CLANG_WARN_BOOL_CONVERSION = YES;
				CLANG_WARN_CONSTANT_CONVERSION = YES;
				CLANG_WARN_DIRECT_OBJC_ISA_USAGE = YES_ERROR;
				CLANG_WARN_EMPTY_BODY = YES;
				CLANG_WARN_ENUM_CONVERSION = YES;
				CLANG_WARN_INT_CONVERSION = YES;
				CLANG_WARN_OBJC_ROOT_CLASS = YES_ERROR;
				CLANG_WARN_UNREACHABLE_CODE = YES;
				CLANG_WARN__DUPLICATE_METHOD_MATCH = YES;
				"CODE_SIGN_IDENTITY[sdk=iphoneos*]" = "iPhone Developer";
				COPY_PHASE_STRIP = YES;
				ENABLE_NS_ASSERTIONS = NO;
				ENABLE_STRICT_OBJC_MSGSEND = YES;
				GCC_C_LANGUAGE_STANDARD = gnu99;
				GCC_WARN_64_TO_32_BIT_CONVERSION = YES;
				GCC_WARN_ABOUT_RETURN_TYPE = YES_ERROR;
				GCC_WARN_UNDECLARED_SELECTOR = YES;
				GCC_WARN_UNINITIALIZED_AUTOS = YES_AGGRESSIVE;
				GCC_WARN_UNUSED_FUNCTION = YES;
				GCC_WARN_UNUSED_VARIABLE = YES;
				IPHONEOS_DEPLOYMENT_TARGET = 8.1;
				MTL_ENABLE_DEBUG_INFO = NO;
				SDKROOT = iphoneos;
				TARGETED_DEVICE_FAMILY = "1,2";
				VALIDATE_PRODUCT = YES;
			};
			name = Release;
		};
		771171CE1AA9445B002F7856 /* Debug */ = {
			isa = XCBuildConfiguration;
			buildSettings = {
				ASSETCATALOG_COMPILER_APPICON_NAME = AppIcon;
				INFOPLIST_FILE = Donna/Info.plist;
				LD_RUNPATH_SEARCH_PATHS = "$(inherited) @executable_path/Frameworks";
				PRODUCT_NAME = "$(TARGET_NAME)";
			};
			name = Debug;
		};
		771171CF1AA9445B002F7856 /* Release */ = {
			isa = XCBuildConfiguration;
			buildSettings = {
				ASSETCATALOG_COMPILER_APPICON_NAME = AppIcon;
				INFOPLIST_FILE = Donna/Info.plist;
				LD_RUNPATH_SEARCH_PATHS = "$(inherited) @executable_path/Frameworks";
				PRODUCT_NAME = "$(TARGET_NAME)";
			};
			name = Release;
		};
		771171D11AA9445B002F7856 /* Debug */ = {
			isa = XCBuildConfiguration;
			buildSettings = {
				BUNDLE_LOADER = "$(TEST_HOST)";
				FRAMEWORK_SEARCH_PATHS = (
					"$(SDKROOT)/Developer/Library/Frameworks",
					"$(inherited)",
				);
				GCC_PREPROCESSOR_DEFINITIONS = (
					"DEBUG=1",
					"$(inherited)",
				);
				INFOPLIST_FILE = DonnaTests/Info.plist;
				LD_RUNPATH_SEARCH_PATHS = "$(inherited) @executable_path/Frameworks @loader_path/Frameworks";
				PRODUCT_NAME = "$(TARGET_NAME)";
				TEST_HOST = "$(BUILT_PRODUCTS_DIR)/Donna.app/Donna";
			};
			name = Debug;
		};
		771171D21AA9445B002F7856 /* Release */ = {
			isa = XCBuildConfiguration;
			buildSettings = {
				BUNDLE_LOADER = "$(TEST_HOST)";
				FRAMEWORK_SEARCH_PATHS = (
					"$(SDKROOT)/Developer/Library/Frameworks",
					"$(inherited)",
				);
				INFOPLIST_FILE = DonnaTests/Info.plist;
				LD_RUNPATH_SEARCH_PATHS = "$(inherited) @executable_path/Frameworks @loader_path/Frameworks";
				PRODUCT_NAME = "$(TARGET_NAME)";
				TEST_HOST = "$(BUILT_PRODUCTS_DIR)/Donna.app/Donna";
			};
			name = Release;
		};
/* End XCBuildConfiguration section */

/* Begin XCConfigurationList section */
		771171A21AA9445B002F7856 /* Build configuration list for PBXProject "Donna" */ = {
			isa = XCConfigurationList;
			buildConfigurations = (
				771171CB1AA9445B002F7856 /* Debug */,
				771171CC1AA9445B002F7856 /* Release */,
			);
			defaultConfigurationIsVisible = 0;
			defaultConfigurationName = Release;
		};
		771171CD1AA9445B002F7856 /* Build configuration list for PBXNativeTarget "Donna" */ = {
			isa = XCConfigurationList;
			buildConfigurations = (
				771171CE1AA9445B002F7856 /* Debug */,
				771171CF1AA9445B002F7856 /* Release */,
			);
			defaultConfigurationIsVisible = 0;
		};
		771171D01AA9445B002F7856 /* Build configuration list for PBXNativeTarget "DonnaTests" */ = {
			isa = XCConfigurationList;
			buildConfigurations = (
				771171D11AA9445B002F7856 /* Debug */,
				771171D21AA9445B002F7856 /* Release */,
			);
			defaultConfigurationIsVisible = 0;
		};
/* End XCConfigurationList section */

/* Begin XCVersionGroup section */
		771171B11AA9445B002F7856 /* Donna.xcdatamodeld */ = {
			isa = XCVersionGroup;
			children = (
				771171B21AA9445B002F7856 /* Donna.xcdatamodel */,
			);
			currentVersion = 771171B21AA9445B002F7856 /* Donna.xcdatamodel */;
			path = Donna.xcdatamodeld;
			sourceTree = "<group>";
			versionGroupType = wrapper.xcdatamodel;
		};
/* End XCVersionGroup section */
	};
	rootObject = 7711719F1AA9445B002F7856 /* Project object */;
}
